
Microsoft Visual Studio Solution File, Format Version 11.00
# Visual Studio 2010
Project("{FAE04EC0-301F-11D3-BF4B-00C04F79EFBC}") = "PelShield", "PelShield\PelShield.csproj", "{CF89CFA7-9ED0-4BDB-A86F-2DE497737282}"
EndProject
Project("{FAE04EC0-301F-11D3-BF4B-00C04F79EFBC}") = "RimPlas", "RimPlas\RimPlas.csproj", "{CF89CFA7-9ED0-4BDB-A86F-2DE497737283}"
EndProject
Global
	GlobalSection(SolutionConfigurationPlatforms) = preSolution
		Debug|Any CPU = Debug|Any CPU
		Release|Any CPU = Release|Any CPU
	EndGlobalSection
	GlobalSection(ProjectConfigurationPlatforms) = postSolution
		{CF89CFA7-9ED0-4BDB-A86F-2DE497737282}.Debug|Any CPU.ActiveCfg = Debug|Any CPU
		{CF89CFA7-9ED0-4BDB-A86F-2DE497737282}.Debug|Any CPU.Build.0 = Debug|Any CPU
		{CF89CFA7-9ED0-4BDB-A86F-2DE497737282}.Release|Any CPU.ActiveCfg = Release|Any CPU
		{CF89CFA7-9ED0-4BDB-A86F-2DE497737282}.Release|Any CPU.Build.0 = Release|Any CPU
		{CF89CFA7-9ED0-4BDB-A86F-2DE497737283}.Debug|Any CPU.ActiveCfg = Debug|Any CPU
		{CF89CFA7-9ED0-4BDB-A86F-2DE497737283}.Debug|Any CPU.Build.0 = Debug|Any CPU
		{CF89CFA7-9ED0-4BDB-A86F-2DE497737283}.Release|Any CPU.ActiveCfg = Release|Any CPU
		{CF89CFA7-9ED0-4BDB-A86F-2DE497737283}.Release|Any CPU.Build.0 = Release|Any CPU
	EndGlobalSection
	GlobalSection(SolutionProperties) = preSolution
		HideSolutionNode = FALSE
	EndGlobalSection
EndGlobal
